// !$*UTF8*$!
{
	archiveVersion = 1;
	classes = {
	};
	objectVersion = 47;
	objects = {

/* Begin PBXBuildFile section */
		99B47B971D3CFB1D00E3F138 /* AppDelegate.swift in Sources */ = {isa = PBXBuildFile; fileRef = 99B47B961D3CFB1D00E3F138 /* AppDelegate.swift */; };
		99B47B991D3CFB1D00E3F138 /* ViewController.swift in Sources */ = {isa = PBXBuildFile; fileRef = 99B47B981D3CFB1D00E3F138 /* ViewController.swift */; };
		99B47B9B1D3CFB1D00E3F138 /* Document.swift in Sources */ = {isa = PBXBuildFile; fileRef = 99B47B9A1D3CFB1D00E3F138 /* Document.swift */; };
		99B47B9D1D3CFB1D00E3F138 /* Assets.xcassets in Resources */ = {isa = PBXBuildFile; fileRef = 99B47B9C1D3CFB1D00E3F138 /* Assets.xcassets */; };
		99B47BA01D3CFB1D00E3F138 /* Main.storyboard in Resources */ = {isa = PBXBuildFile; fileRef = 99B47B9E1D3CFB1D00E3F138 /* Main.storyboard */; };
		99B47BAB1D3CFB1D00E3F138 /* gSendTests.swift in Sources */ = {isa = PBXBuildFile; fileRef = 99B47BAA1D3CFB1D00E3F138 /* gSendTests.swift */; };
		99B47BB61D3CFB1D00E3F138 /* gSendUITests.swift in Sources */ = {isa = PBXBuildFile; fileRef = 99B47BB51D3CFB1D00E3F138 /* gSendUITests.swift */; };
/* End PBXBuildFile section */

/* Begin PBXContainerItemProxy section */
		99B47BA71D3CFB1D00E3F138 /* PBXContainerItemProxy */ = {
			isa = PBXContainerItemProxy;
			containerPortal = 99B47B8B1D3CFB1C00E3F138 /* Project object */;
			proxyType = 1;
			remoteGlobalIDString = 99B47B921D3CFB1C00E3F138;
			remoteInfo = gSend;
		};
		99B47BB21D3CFB1D00E3F138 /* PBXContainerItemProxy */ = {
			isa = PBXContainerItemProxy;
			containerPortal = 99B47B8B1D3CFB1C00E3F138 /* Project object */;
			proxyType = 1;
			remoteGlobalIDString = 99B47B921D3CFB1C00E3F138;
			remoteInfo = gSend;
		};
/* End PBXContainerItemProxy section */

/* Begin PBXFileReference section */
		99B47B931D3CFB1D00E3F138 /* gSend.app */ = {isa = PBXFileReference; explicitFileType = wrapper.application; includeInIndex = 0; path = gSend.app; sourceTree = BUILT_PRODUCTS_DIR; };
		99B47B961D3CFB1D00E3F138 /* AppDelegate.swift */ = {isa = PBXFileReference; lastKnownFileType = sourcecode.swift; path = AppDelegate.swift; sourceTree = "<group>"; };
		99B47B981D3CFB1D00E3F138 /* ViewController.swift */ = {isa = PBXFileReference; lastKnownFileType = sourcecode.swift; path = ViewController.swift; sourceTree = "<group>"; };
		99B47B9A1D3CFB1D00E3F138 /* Document.swift */ = {isa = PBXFileReference; lastKnownFileType = sourcecode.swift; path = Document.swift; sourceTree = "<group>"; };
		99B47B9C1D3CFB1D00E3F138 /* Assets.xcassets */ = {isa = PBXFileReference; lastKnownFileType = folder.assetcatalog; path = Assets.xcassets; sourceTree = "<group>"; };
		99B47B9F1D3CFB1D00E3F138 /* Base */ = {isa = PBXFileReference; lastKnownFileType = file.storyboard; name = Base; path = Base.lproj/Main.storyboard; sourceTree = "<group>"; };
		99B47BA11D3CFB1D00E3F138 /* Info.plist */ = {isa = PBXFileReference; lastKnownFileType = text.plist.xml; path = Info.plist; sourceTree = "<group>"; };
		99B47BA61D3CFB1D00E3F138 /* gSendTests.xctest */ = {isa = PBXFileReference; explicitFileType = wrapper.cfbundle; includeInIndex = 0; path = gSendTests.xctest; sourceTree = BUILT_PRODUCTS_DIR; };
		99B47BAA1D3CFB1D00E3F138 /* gSendTests.swift */ = {isa = PBXFileReference; lastKnownFileType = sourcecode.swift; path = gSendTests.swift; sourceTree = "<group>"; };
		99B47BAC1D3CFB1D00E3F138 /* Info.plist */ = {isa = PBXFileReference; lastKnownFileType = text.plist.xml; path = Info.plist; sourceTree = "<group>"; };
		99B47BB11D3CFB1D00E3F138 /* gSendUITests.xctest */ = {isa = PBXFileReference; explicitFileType = wrapper.cfbundle; includeInIndex = 0; path = gSendUITests.xctest; sourceTree = BUILT_PRODUCTS_DIR; };
		99B47BB51D3CFB1D00E3F138 /* gSendUITests.swift */ = {isa = PBXFileReference; lastKnownFileType = sourcecode.swift; path = gSendUITests.swift; sourceTree = "<group>"; };
		99B47BB71D3CFB1D00E3F138 /* Info.plist */ = {isa = PBXFileReference; lastKnownFileType = text.plist.xml; path = Info.plist; sourceTree = "<group>"; };
/* End PBXFileReference section */

/* Begin PBXFrameworksBuildPhase section */
		99B47B901D3CFB1C00E3F138 /* Frameworks */ = {
			isa = PBXFrameworksBuildPhase;
			buildActionMask = 2147483647;
			files = (
			);
			runOnlyForDeploymentPostprocessing = 0;
		};
		99B47BA31D3CFB1D00E3F138 /* Frameworks */ = {
			isa = PBXFrameworksBuildPhase;
			buildActionMask = 2147483647;
			files = (
			);
			runOnlyForDeploymentPostprocessing = 0;
		};
		99B47BAE1D3CFB1D00E3F138 /* Frameworks */ = {
			isa = PBXFrameworksBuildPhase;
			buildActionMask = 2147483647;
			files = (
			);
			runOnlyForDeploymentPostprocessing = 0;
		};
/* End PBXFrameworksBuildPhase section */

/* Begin PBXGroup section */
		99B47B8A1D3CFB1C00E3F138 = {
			isa = PBXGroup;
			children = (
				99B47B951D3CFB1D00E3F138 /* gSend */,
				99B47BA91D3CFB1D00E3F138 /* gSendTests */,
				99B47BB41D3CFB1D00E3F138 /* gSendUITests */,
				99B47B941D3CFB1D00E3F138 /* Products */,
			);
			sourceTree = "<group>";
		};
		99B47B941D3CFB1D00E3F138 /* Products */ = {
			isa = PBXGroup;
			children = (
				99B47B931D3CFB1D00E3F138 /* gSend.app */,
				99B47BA61D3CFB1D00E3F138 /* gSendTests.xctest */,
				99B47BB11D3CFB1D00E3F138 /* gSendUITests.xctest */,
			);
			name = Products;
			sourceTree = "<group>";
		};
		99B47B951D3CFB1D00E3F138 /* gSend */ = {
			isa = PBXGroup;
			children = (
				99B47B961D3CFB1D00E3F138 /* AppDelegate.swift */,
				99B47B981D3CFB1D00E3F138 /* ViewController.swift */,
				99B47B9A1D3CFB1D00E3F138 /* Document.swift */,
				99B47B9C1D3CFB1D00E3F138 /* Assets.xcassets */,
				99B47B9E1D3CFB1D00E3F138 /* Main.storyboard */,
				99B47BA11D3CFB1D00E3F138 /* Info.plist */,
			);
			path = gSend;
			sourceTree = "<group>";
		};
		99B47BA91D3CFB1D00E3F138 /* gSendTests */ = {
			isa = PBXGroup;
			children = (
				99B47BAA1D3CFB1D00E3F138 /* gSendTests.swift */,
				99B47BAC1D3CFB1D00E3F138 /* Info.plist */,
			);
			path = gSendTests;
			sourceTree = "<group>";
		};
		99B47BB41D3CFB1D00E3F138 /* gSendUITests */ = {
			isa = PBXGroup;
			children = (
				99B47BB51D3CFB1D00E3F138 /* gSendUITests.swift */,
				99B47BB71D3CFB1D00E3F138 /* Info.plist */,
			);
			path = gSendUITests;
			sourceTree = "<group>";
		};
/* End PBXGroup section */

/* Begin PBXNativeTarget section */
		99B47B921D3CFB1C00E3F138 /* gSend */ = {
			isa = PBXNativeTarget;
			buildConfigurationList = 99B47BBA1D3CFB1D00E3F138 /* Build configuration list for PBXNativeTarget "gSend" */;
			buildPhases = (
				99B47B8F1D3CFB1C00E3F138 /* Sources */,
				99B47B901D3CFB1C00E3F138 /* Frameworks */,
				99B47B911D3CFB1C00E3F138 /* Resources */,
			);
			buildRules = (
			);
			dependencies = (
			);
			name = gSend;
			productName = gSend;
			productReference = 99B47B931D3CFB1D00E3F138 /* gSend.app */;
			productType = "com.apple.product-type.application";
		};
		99B47BA51D3CFB1D00E3F138 /* gSendTests */ = {
			isa = PBXNativeTarget;
			buildConfigurationList = 99B47BBD1D3CFB1D00E3F138 /* Build configuration list for PBXNativeTarget "gSendTests" */;
			buildPhases = (
				99B47BA21D3CFB1D00E3F138 /* Sources */,
				99B47BA31D3CFB1D00E3F138 /* Frameworks */,
				99B47BA41D3CFB1D00E3F138 /* Resources */,
			);
			buildRules = (
			);
			dependencies = (
				99B47BA81D3CFB1D00E3F138 /* PBXTargetDependency */,
			);
			name = gSendTests;
			productName = gSendTests;
			productReference = 99B47BA61D3CFB1D00E3F138 /* gSendTests.xctest */;
			productType = "com.apple.product-type.bundle.unit-test";
		};
		99B47BB01D3CFB1D00E3F138 /* gSendUITests */ = {
			isa = PBXNativeTarget;
			buildConfigurationList = 99B47BC01D3CFB1D00E3F138 /* Build configuration list for PBXNativeTarget "gSendUITests" */;
			buildPhases = (
				99B47BAD1D3CFB1D00E3F138 /* Sources */,
				99B47BAE1D3CFB1D00E3F138 /* Frameworks */,
				99B47BAF1D3CFB1D00E3F138 /* Resources */,
			);
			buildRules = (
			);
			dependencies = (
				99B47BB31D3CFB1D00E3F138 /* PBXTargetDependency */,
			);
			name = gSendUITests;
			productName = gSendUITests;
			productReference = 99B47BB11D3CFB1D00E3F138 /* gSendUITests.xctest */;
			productType = "com.apple.product-type.bundle.ui-testing";
		};
/* End PBXNativeTarget section */

/* Begin PBXProject section */
		99B47B8B1D3CFB1C00E3F138 /* Project object */ = {
			isa = PBXProject;
			attributes = {
				CLASSPREFIX = srs;
				LastSwiftUpdateCheck = 0800;
				LastUpgradeCheck = 0800;
				ORGANIZATIONNAME = "Steam Rocket Studios, LLC";
				TargetAttributes = {
					99B47B921D3CFB1C00E3F138 = {
						CreatedOnToolsVersion = 8.0;
						DevelopmentTeam = 65NHBGA777;
						DevelopmentTeamName = "Steam Rocket Studios, LLC";
						ProvisioningStyle = Automatic;
					};
					99B47BA51D3CFB1D00E3F138 = {
						CreatedOnToolsVersion = 8.0;
						DevelopmentTeam = 65NHBGA777;
						DevelopmentTeamName = "Steam Rocket Studios, LLC";
						ProvisioningStyle = Automatic;
						TestTargetID = 99B47B921D3CFB1C00E3F138;
					};
					99B47BB01D3CFB1D00E3F138 = {
						CreatedOnToolsVersion = 8.0;
						DevelopmentTeam = 65NHBGA777;
						DevelopmentTeamName = "Steam Rocket Studios, LLC";
						ProvisioningStyle = Automatic;
						TestTargetID = 99B47B921D3CFB1C00E3F138;
					};
				};
			};
			buildConfigurationList = 99B47B8E1D3CFB1C00E3F138 /* Build configuration list for PBXProject "gSend" */;
			compatibilityVersion = "Xcode 6.3";
			developmentRegion = English;
			hasScannedForEncodings = 0;
			knownRegions = (
				en,
				Base,
			);
			mainGroup = 99B47B8A1D3CFB1C00E3F138;
			productRefGroup = 99B47B941D3CFB1D00E3F138 /* Products */;
			projectDirPath = "";
			projectRoot = "";
			targets = (
				99B47B921D3CFB1C00E3F138 /* gSend */,
				99B47BA51D3CFB1D00E3F138 /* gSendTests */,
				99B47BB01D3CFB1D00E3F138 /* gSendUITests */,
			);
		};
/* End PBXProject section */

/* Begin PBXResourcesBuildPhase section */
		99B47B911D3CFB1C00E3F138 /* Resources */ = {
			isa = PBXResourcesBuildPhase;
			buildActionMask = 2147483647;
			files = (
				99B47B9D1D3CFB1D00E3F138 /* Assets.xcassets in Resources */,
				99B47BA01D3CFB1D00E3F138 /* Main.storyboard in Resources */,
			);
			runOnlyForDeploymentPostprocessing = 0;
		};
		99B47BA41D3CFB1D00E3F138 /* Resources */ = {
			isa = PBXResourcesBuildPhase;
			buildActionMask = 2147483647;
			files = (
			);
			runOnlyForDeploymentPostprocessing = 0;
		};
		99B47BAF1D3CFB1D00E3F138 /* Resources */ = {
			isa = PBXResourcesBuildPhase;
			buildActionMask = 2147483647;
			files = (
			);
			runOnlyForDeploymentPostprocessing = 0;
		};
/* End PBXResourcesBuildPhase section */

/* Begin PBXSourcesBuildPhase section */
		99B47B8F1D3CFB1C00E3F138 /* Sources */ = {
			isa = PBXSourcesBuildPhase;
			buildActionMask = 2147483647;
			files = (
				99B47B991D3CFB1D00E3F138 /* ViewController.swift in Sources */,
				99B47B971D3CFB1D00E3F138 /* AppDelegate.swift in Sources */,
				99B47B9B1D3CFB1D00E3F138 /* Document.swift in Sources */,
			);
			runOnlyForDeploymentPostprocessing = 0;
		};
		99B47BA21D3CFB1D00E3F138 /* Sources */ = {
			isa = PBXSourcesBuildPhase;
			buildActionMask = 2147483647;
			files = (
				99B47BAB1D3CFB1D00E3F138 /* gSendTests.swift in Sources */,
			);
			runOnlyForDeploymentPostprocessing = 0;
		};
		99B47BAD1D3CFB1D00E3F138 /* Sources */ = {
			isa = PBXSourcesBuildPhase;
			buildActionMask = 2147483647;
			files = (
				99B47BB61D3CFB1D00E3F138 /* gSendUITests.swift in Sources */,
			);
			runOnlyForDeploymentPostprocessing = 0;
		};
/* End PBXSourcesBuildPhase section */

/* Begin PBXTargetDependency section */
		99B47BA81D3CFB1D00E3F138 /* PBXTargetDependency */ = {
			isa = PBXTargetDependency;
			target = 99B47B921D3CFB1C00E3F138 /* gSend */;
			targetProxy = 99B47BA71D3CFB1D00E3F138 /* PBXContainerItemProxy */;
		};
		99B47BB31D3CFB1D00E3F138 /* PBXTargetDependency */ = {
			isa = PBXTargetDependency;
			target = 99B47B921D3CFB1C00E3F138 /* gSend */;
			targetProxy = 99B47BB21D3CFB1D00E3F138 /* PBXContainerItemProxy */;
		};
/* End PBXTargetDependency section */

/* Begin PBXVariantGroup section */
		99B47B9E1D3CFB1D00E3F138 /* Main.storyboard */ = {
			isa = PBXVariantGroup;
			children = (
				99B47B9F1D3CFB1D00E3F138 /* Base */,
			);
			name = Main.storyboard;
			sourceTree = "<group>";
		};
/* End PBXVariantGroup section */

/* Begin XCBuildConfiguration section */
		99B47BB81D3CFB1D00E3F138 /* Debug */ = {
			isa = XCBuildConfiguration;
			buildSettings = {
				ALWAYS_SEARCH_USER_PATHS = NO;
				CLANG_ANALYZER_NONNULL = YES;
				CLANG_CXX_LANGUAGE_STANDARD = "gnu++0x";
				CLANG_CXX_LIBRARY = "libc++";
				CLANG_ENABLE_MODULES = YES;
				CLANG_ENABLE_OBJC_ARC = YES;
				CLANG_WARN_BOOL_CONVERSION = YES;
				CLANG_WARN_CONSTANT_CONVERSION = YES;
				CLANG_WARN_DIRECT_OBJC_ISA_USAGE = YES_ERROR;
				CLANG_WARN_DOCUMENTATION_COMMENTS = YES;
				CLANG_WARN_EMPTY_BODY = YES;
				CLANG_WARN_ENUM_CONVERSION = YES;
				CLANG_WARN_INT_CONVERSION = YES;
				CLANG_WARN_OBJC_ROOT_CLASS = YES_ERROR;
				CLANG_WARN_UNREACHABLE_CODE = YES;
				CLANG_WARN__DUPLICATE_METHOD_MATCH = YES;
				CODE_SIGN_IDENTITY = "-";
				COPY_PHASE_STRIP = NO;
				DEBUG_INFORMATION_FORMAT = dwarf;
				ENABLE_STRICT_OBJC_MSGSEND = YES;
				ENABLE_TESTABILITY = YES;
				GCC_C_LANGUAGE_STANDARD = gnu99;
				GCC_DYNAMIC_NO_PIC = NO;
				GCC_NO_COMMON_BLOCKS = YES;
				GCC_OPTIMIZATION_LEVEL = 0;
				GCC_PREPROCESSOR_DEFINITIONS = (
					"DEBUG=1",
					"$(inherited)",
				);
				GCC_WARN_64_TO_32_BIT_CONVERSION = YES;
				GCC_WARN_ABOUT_RETURN_TYPE = YES_ERROR;
				GCC_WARN_UNDECLARED_SELECTOR = YES;
				GCC_WARN_UNINITIALIZED_AUTOS = YES_AGGRESSIVE;
				GCC_WARN_UNUSED_FUNCTION = YES;
				GCC_WARN_UNUSED_VARIABLE = YES;
				MACOSX_DEPLOYMENT_TARGET = 10.11;
				MTL_ENABLE_DEBUG_INFO = YES;
				ONLY_ACTIVE_ARCH = YES;
				SDKROOT = macosx;
				SWIFT_ACTIVE_COMPILATION_CONDITIONS = DEBUG;
				SWIFT_OPTIMIZATION_LEVEL = "-Onone";
			};
			name = Debug;
		};
		99B47BB91D3CFB1D00E3F138 /* Release */ = {
			isa = XCBuildConfiguration;
			buildSettings = {
				ALWAYS_SEARCH_USER_PATHS = NO;
				CLANG_ANALYZER_NONNULL = YES;
				CLANG_CXX_LANGUAGE_STANDARD = "gnu++0x";
				CLANG_CXX_LIBRARY = "libc++";
				CLANG_ENABLE_MODULES = YES;
				CLANG_ENABLE_OBJC_ARC = YES;
				CLANG_WARN_BOOL_CONVERSION = YES;
				CLANG_WARN_CONSTANT_CONVERSION = YES;
				CLANG_WARN_DIRECT_OBJC_ISA_USAGE = YES_ERROR;
				CLANG_WARN_DOCUMENTATION_COMMENTS = YES;
				CLANG_WARN_EMPTY_BODY = YES;
				CLANG_WARN_ENUM_CONVERSION = YES;
				CLANG_WARN_INT_CONVERSION = YES;
				CLANG_WARN_OBJC_ROOT_CLASS = YES_ERROR;
				CLANG_WARN_UNREACHABLE_CODE = YES;
				CLANG_WARN__DUPLICATE_METHOD_MATCH = YES;
				CODE_SIGN_IDENTITY = "-";
				COPY_PHASE_STRIP = NO;
				DEBUG_INFORMATION_FORMAT = "dwarf-with-dsym";
				ENABLE_NS_ASSERTIONS = NO;
				ENABLE_STRICT_OBJC_MSGSEND = YES;
				GCC_C_LANGUAGE_STANDARD = gnu99;
				GCC_NO_COMMON_BLOCKS = YES;
				GCC_WARN_64_TO_32_BIT_CONVERSION = YES;
				GCC_WARN_ABOUT_RETURN_TYPE = YES_ERROR;
				GCC_WARN_UNDECLARED_SELECTOR = YES;
				GCC_WARN_UNINITIALIZED_AUTOS = YES_AGGRESSIVE;
				GCC_WARN_UNUSED_FUNCTION = YES;
				GCC_WARN_UNUSED_VARIABLE = YES;
				MACOSX_DEPLOYMENT_TARGET = 10.11;
				MTL_ENABLE_DEBUG_INFO = NO;
				SDKROOT = macosx;
				SWIFT_OPTIMIZATION_LEVEL = "-Owholemodule";
			};
			name = Release;
		};
		99B47BBB1D3CFB1D00E3F138 /* Debug */ = {
			isa = XCBuildConfiguration;
			buildSettings = {
				ASSETCATALOG_COMPILER_APPICON_NAME = AppIcon;
				CODE_SIGN_IDENTITY = "Mac Developer";
				COMBINE_HIDPI_IMAGES = YES;
				INFOPLIST_FILE = gSend/Info.plist;
				LD_RUNPATH_SEARCH_PATHS = "$(inherited) @executable_path/../Frameworks";
				PRODUCT_BUNDLE_IDENTIFIER = com.steamrocket.gSend;
				PRODUCT_NAME = "$(TARGET_NAME)";
				SWIFT_VERSION = 3.0;
			};
			name = Debug;
		};
		99B47BBC1D3CFB1D00E3F138 /* Release */ = {
			isa = XCBuildConfiguration;
			buildSettings = {
				ASSETCATALOG_COMPILER_APPICON_NAME = AppIcon;
				CODE_SIGN_IDENTITY = "Mac Developer";
				COMBINE_HIDPI_IMAGES = YES;
				INFOPLIST_FILE = gSend/Info.plist;
				LD_RUNPATH_SEARCH_PATHS = "$(inherited) @executable_path/../Frameworks";
				PRODUCT_BUNDLE_IDENTIFIER = com.steamrocket.gSend;
				PRODUCT_NAME = "$(TARGET_NAME)";
				SWIFT_VERSION = 3.0;
			};
			name = Release;
		};
		99B47BBE1D3CFB1D00E3F138 /* Debug */ = {
			isa = XCBuildConfiguration;
			buildSettings = {
				BUNDLE_LOADER = "$(TEST_HOST)";
				COMBINE_HIDPI_IMAGES = YES;
				INFOPLIST_FILE = gSendTests/Info.plist;
				LD_RUNPATH_SEARCH_PATHS = "$(inherited) @executable_path/../Frameworks @loader_path/../Frameworks";
				PRODUCT_BUNDLE_IDENTIFIER = com.steamrocket.gSendTests;
				PRODUCT_NAME = "$(TARGET_NAME)";
				SWIFT_VERSION = 3.0;
				TEST_HOST = "$(BUILT_PRODUCTS_DIR)/gSend.app/Contents/MacOS/gSend";
			};
			name = Debug;
		};
		99B47BBF1D3CFB1D00E3F138 /* Release */ = {
			isa = XCBuildConfiguration;
			buildSettings = {
				BUNDLE_LOADER = "$(TEST_HOST)";
				COMBINE_HIDPI_IMAGES = YES;
				INFOPLIST_FILE = gSendTests/Info.plist;
				LD_RUNPATH_SEARCH_PATHS = "$(inherited) @executable_path/../Frameworks @loader_path/../Frameworks";
				PRODUCT_BUNDLE_IDENTIFIER = com.steamrocket.gSendTests;
				PRODUCT_NAME = "$(TARGET_NAME)";
				SWIFT_VERSION = 3.0;
				TEST_HOST = "$(BUILT_PRODUCTS_DIR)/gSend.app/Contents/MacOS/gSend";
			};
			name = Release;
		};
		99B47BC11D3CFB1D00E3F138 /* Debug */ = {
			isa = XCBuildConfiguration;
			buildSettings = {
				COMBINE_HIDPI_IMAGES = YES;
				INFOPLIST_FILE = gSendUITests/Info.plist;
				LD_RUNPATH_SEARCH_PATHS = "$(inherited) @executable_path/../Frameworks @loader_path/../Frameworks";
				PRODUCT_BUNDLE_IDENTIFIER = com.steamrocket.gSendUITests;
				PRODUCT_NAME = "$(TARGET_NAME)";
				SWIFT_VERSION = 3.0;
				TEST_TARGET_NAME = gSend;
			};
			name = Debug;
		};
		99B47BC21D3CFB1D00E3F138 /* Release */ = {
			isa = XCBuildConfiguration;
			buildSettings = {
				COMBINE_HIDPI_IMAGES = YES;
				INFOPLIST_FILE = gSendUITests/Info.plist;
				LD_RUNPATH_SEARCH_PATHS = "$(inherited) @executable_path/../Frameworks @loader_path/../Frameworks";
				PRODUCT_BUNDLE_IDENTIFIER = com.steamrocket.gSendUITests;
				PRODUCT_NAME = "$(TARGET_NAME)";
				SWIFT_VERSION = 3.0;
				TEST_TARGET_NAME = gSend;
			};
			name = Release;
		};
/* End XCBuildConfiguration section */

/* Begin XCConfigurationList section */
		99B47B8E1D3CFB1C00E3F138 /* Build configuration list for PBXProject "gSend" */ = {
			isa = XCConfigurationList;
			buildConfigurations = (
				99B47BB81D3CFB1D00E3F138 /* Debug */,
				99B47BB91D3CFB1D00E3F138 /* Release */,
			);
			defaultConfigurationIsVisible = 0;
			defaultConfigurationName = Release;
		};
		99B47BBA1D3CFB1D00E3F138 /* Build configuration list for PBXNativeTarget "gSend" */ = {
			isa = XCConfigurationList;
			buildConfigurations = (
				99B47BBB1D3CFB1D00E3F138 /* Debug */,
				99B47BBC1D3CFB1D00E3F138 /* Release */,
			);
			defaultConfigurationIsVisible = 0;
		};
		99B47BBD1D3CFB1D00E3F138 /* Build configuration list for PBXNativeTarget "gSendTests" */ = {
			isa = XCConfigurationList;
			buildConfigurations = (
				99B47BBE1D3CFB1D00E3F138 /* Debug */,
				99B47BBF1D3CFB1D00E3F138 /* Release */,
			);
			defaultConfigurationIsVisible = 0;
		};
		99B47BC01D3CFB1D00E3F138 /* Build configuration list for PBXNativeTarget "gSendUITests" */ = {
			isa = XCConfigurationList;
			buildConfigurations = (
				99B47BC11D3CFB1D00E3F138 /* Debug */,
				99B47BC21D3CFB1D00E3F138 /* Release */,
			);
			defaultConfigurationIsVisible = 0;
		};
/* End XCConfigurationList section */
	};
	rootObject = 99B47B8B1D3CFB1C00E3F138 /* Project object */;
}
